
Microsoft Visual Studio Solution File, Format Version 12.00
# Visual Studio Version 17
VisualStudioVersion = 17.10.34928.147
MinimumVisualStudioVersion = 10.0.40219.1
Project("{FAE04EC0-301F-11D3-BF4B-00C04F79EFBC}") = "UserServices_App", "UserServices_App\UserServices_App.csproj", "{275D711D-DB48-4829-93C4-ABB061493222}"
EndProject
Project("{9A19103F-16F7-4668-BE54-9A1E7A4F7556}") = "ECommerceDataModel", "..\ProductService_App\ECommerceDataModel\ECommerceDataModel.csproj", "{A5DB2FFB-D20C-4CEE-85F7-E715747C0C7E}"
EndProject
Global
	GlobalSection(SolutionConfigurationPlatforms) = preSolution
		Debug|Any CPU = Debug|Any CPU
		Release|Any CPU = Release|Any CPU
	EndGlobalSection
	GlobalSection(ProjectConfigurationPlatforms) = postSolution
		{275D711D-DB48-4829-93C4-ABB061493222}.Debug|Any CPU.ActiveCfg = Debug|Any CPU
		{275D711D-DB48-4829-93C4-ABB061493222}.Debug|Any CPU.Build.0 = Debug|Any CPU
		{275D711D-DB48-4829-93C4-ABB061493222}.Release|Any CPU.ActiveCfg = Release|Any CPU
		{275D711D-DB48-4829-93C4-ABB061493222}.Release|Any CPU.Build.0 = Release|Any CPU
		{A5DB2FFB-D20C-4CEE-85F7-E715747C0C7E}.Debug|Any CPU.ActiveCfg = Debug|Any CPU
		{A5DB2FFB-D20C-4CEE-85F7-E715747C0C7E}.Debug|Any CPU.Build.0 = Debug|Any CPU
		{A5DB2FFB-D20C-4CEE-85F7-E715747C0C7E}.Release|Any CPU.ActiveCfg = Release|Any CPU
		{A5DB2FFB-D20C-4CEE-85F7-E715747C0C7E}.Release|Any CPU.Build.0 = Release|Any CPU
	EndGlobalSection
	GlobalSection(SolutionProperties) = preSolution
		HideSolutionNode = FALSE
	EndGlobalSection
	GlobalSection(ExtensibilityGlobals) = postSolution
		SolutionGuid = {8AA7A5E0-5281-4627-A036-9D688E9305C6}
	EndGlobalSection
EndGlobal
